
Microsoft Visual Studio Solution File, Format Version 12.00
# 
Project("{FAE04EC0-301F-11D3-BF4B-00C04F79EFBC}") = "PayrollIntelligence.Web", "PayrollIntelligence.Web\PayrollIntelligence.Web.csproj", "{5EABBFBE-38D4-420E-8DDC-D23418D438F6}"
EndProject
Project("{FAE04EC0-301F-11D3-BF4B-00C04F79EFBC}") = "PayrollIntelligence.Core", "PayrollIntelligence.Core\PayrollIntelligence.Core.csproj", "{163F6F89-FE5E-46D3-93C3-564601679C2A}"
EndProject
Global
	GlobalSection(SolutionConfigurationPlatforms) = preSolution
		Debug|Any CPU = Debug|Any CPU
		Release|Any CPU = Release|Any CPU
	EndGlobalSection
	GlobalSection(ProjectConfigurationPlatforms) = postSolution
		{5EABBFBE-38D4-420E-8DDC-D23418D438F6}.Debug|Any CPU.ActiveCfg = Debug|Any CPU
		{5EABBFBE-38D4-420E-8DDC-D23418D438F6}.Debug|Any CPU.Build.0 = Debug|Any CPU
		{5EABBFBE-38D4-420E-8DDC-D23418D438F6}.Release|Any CPU.ActiveCfg = Release|Any CPU
		{5EABBFBE-38D4-420E-8DDC-D23418D438F6}.Release|Any CPU.Build.0 = Release|Any CPU
		{163F6F89-FE5E-46D3-93C3-564601679C2A}.Debug|Any CPU.ActiveCfg = Debug|Any CPU
		{163F6F89-FE5E-46D3-93C3-564601679C2A}.Debug|Any CPU.Build.0 = Debug|Any CPU
		{163F6F89-FE5E-46D3-93C3-564601679C2A}.Release|Any CPU.ActiveCfg = Release|Any CPU
		{163F6F89-FE5E-46D3-93C3-564601679C2A}.Release|Any CPU.Build.0 = Release|Any CPU
	EndGlobalSection
EndGlobal
